
Microsoft Visual Studio Solution File, Format Version 12.00
# Visual Studio 15
VisualStudioVersion = 15.0.27428.2037
MinimumVisualStudioVersion = 10.0.40219.1
Project("{FAE04EC0-301F-11D3-BF4B-00C04F79EFBC}") = "ggNetCoreWebApp3", "ggNetCoreWebApp3\ggNetCoreWebApp3.csproj", "{54A8E4DE-D3DB-4A7B-8E7A-8878D591BE48}"
EndProject
Global
	GlobalSection(SolutionConfigurationPlatforms) = preSolution
		Debug|Any CPU = Debug|Any CPU
		Release|Any CPU = Release|Any CPU
	EndGlobalSection
	GlobalSection(ProjectConfigurationPlatforms) = postSolution
		{54A8E4DE-D3DB-4A7B-8E7A-8878D591BE48}.Debug|Any CPU.ActiveCfg = Debug|Any CPU
		{54A8E4DE-D3DB-4A7B-8E7A-8878D591BE48}.Debug|Any CPU.Build.0 = Debug|Any CPU
		{54A8E4DE-D3DB-4A7B-8E7A-8878D591BE48}.Release|Any CPU.ActiveCfg = Release|Any CPU
		{54A8E4DE-D3DB-4A7B-8E7A-8878D591BE48}.Release|Any CPU.Build.0 = Release|Any CPU
	EndGlobalSection
	GlobalSection(SolutionProperties) = preSolution
		HideSolutionNode = FALSE
	EndGlobalSection
	GlobalSection(ExtensibilityGlobals) = postSolution
		SolutionGuid = {591E4697-E0A6-42B3-BE03-AA7139B86DCF}
	EndGlobalSection
EndGlobal
